// !$*UTF8*$!
{
	archiveVersion = 1;
	classes = {
	};
	objectVersion = 56;
	objects = {

/* Begin PBXBuildFile section */
		79896FA329E4713F006279F3 /* main.cpp in Sources */ = {isa = PBXBuildFile; fileRef = 79896FA229E4713F006279F3 /* main.cpp */; };
		79896FB629E4716A006279F3 /* Actor.cpp in Sources */ = {isa = PBXBuildFile; fileRef = 79896FA929E4716A006279F3 /* Actor.cpp */; };
		79896FB729E4716A006279F3 /* Background.cpp in Sources */ = {isa = PBXBuildFile; fileRef = 79896FAB29E4716A006279F3 /* Background.cpp */; };
		79896FB829E4716A006279F3 /* Game.cpp in Sources */ = {isa = PBXBuildFile; fileRef = 79896FAE29E4716A006279F3 /* Game.cpp */; };
		79896FB929E4716A006279F3 /* Component.cpp in Sources */ = {isa = PBXBuildFile; fileRef = 79896FAF29E4716A006279F3 /* Component.cpp */; };
		79896FBA29E4716A006279F3 /* SpriteComponent.cpp in Sources */ = {isa = PBXBuildFile; fileRef = 79896FB029E4716A006279F3 /* SpriteComponent.cpp */; };
		79896FBB29E4716A006279F3 /* Math.cpp in Sources */ = {isa = PBXBuildFile; fileRef = 79896FB129E4716A006279F3 /* Math.cpp */; };
		79896FBE29E47185006279F3 /* SDL2.framework in Frameworks */ = {isa = PBXBuildFile; fileRef = 79896FBD29E47185006279F3 /* SDL2.framework */; };
		79896FC029E47190006279F3 /* SDL2_image.framework in Frameworks */ = {isa = PBXBuildFile; fileRef = 79896FBF29E47190006279F3 /* SDL2_image.framework */; };
/* End PBXBuildFile section */

/* Begin PBXCopyFilesBuildPhase section */
		79896F9D29E4713F006279F3 /* CopyFiles */ = {
			isa = PBXCopyFilesBuildPhase;
			buildActionMask = 2147483647;
			dstPath = /usr/share/man/man1/;
			dstSubfolderSpec = 0;
			files = (
			);
			runOnlyForDeploymentPostprocessing = 1;
		};
/* End PBXCopyFilesBuildPhase section */

/* Begin PBXFileReference section */
		794F9E8D29E4AC3000C39F6C /* Ship.png */ = {isa = PBXFileReference; lastKnownFileType = image.png; name = Ship.png; path = Space/Assets/Ship.png; sourceTree = SOURCE_ROOT; };
		794F9E8E29E4AC3000C39F6C /* Farback01.png */ = {isa = PBXFileReference; lastKnownFileType = image.png; name = Farback01.png; path = Space/Assets/Farback01.png; sourceTree = SOURCE_ROOT; };
		794F9E8F29E4AC3000C39F6C /* Farback02.png */ = {isa = PBXFileReference; lastKnownFileType = image.png; name = Farback02.png; path = Space/Assets/Farback02.png; sourceTree = SOURCE_ROOT; };
		794F9E9029E4AC3000C39F6C /* Laser.png */ = {isa = PBXFileReference; lastKnownFileType = image.png; name = Laser.png; path = Space/Assets/Laser.png; sourceTree = SOURCE_ROOT; };
		794F9E9129E4AC3000C39F6C /* Stars.png */ = {isa = PBXFileReference; lastKnownFileType = image.png; name = Stars.png; path = Space/Assets/Stars.png; sourceTree = SOURCE_ROOT; };
		79896F9F29E4713F006279F3 /* Space */ = {isa = PBXFileReference; explicitFileType = "compiled.mach-o.executable"; includeInIndex = 0; path = Space; sourceTree = BUILT_PRODUCTS_DIR; };
		79896FA229E4713F006279F3 /* main.cpp */ = {isa = PBXFileReference; lastKnownFileType = sourcecode.cpp.cpp; path = main.cpp; sourceTree = "<group>"; };
		79896FA929E4716A006279F3 /* Actor.cpp */ = {isa = PBXFileReference; fileEncoding = 4; lastKnownFileType = sourcecode.cpp.cpp; path = Actor.cpp; sourceTree = "<group>"; };
		79896FAA29E4716A006279F3 /* SpriteComponent.h */ = {isa = PBXFileReference; fileEncoding = 4; lastKnownFileType = sourcecode.c.h; path = SpriteComponent.h; sourceTree = "<group>"; };
		79896FAB29E4716A006279F3 /* Background.cpp */ = {isa = PBXFileReference; fileEncoding = 4; lastKnownFileType = sourcecode.cpp.cpp; name = Background.cpp; path = Space/Background.cpp; sourceTree = SOURCE_ROOT; };
		79896FAD29E4716A006279F3 /* Game.h */ = {isa = PBXFileReference; fileEncoding = 4; lastKnownFileType = sourcecode.c.h; path = Game.h; sourceTree = "<group>"; };
		79896FAE29E4716A006279F3 /* Game.cpp */ = {isa = PBXFileReference; fileEncoding = 4; lastKnownFileType = sourcecode.cpp.cpp; path = Game.cpp; sourceTree = "<group>"; };
		79896FAF29E4716A006279F3 /* Component.cpp */ = {isa = PBXFileReference; fileEncoding = 4; lastKnownFileType = sourcecode.cpp.cpp; path = Component.cpp; sourceTree = "<group>"; };
		79896FB029E4716A006279F3 /* SpriteComponent.cpp */ = {isa = PBXFileReference; fileEncoding = 4; lastKnownFileType = sourcecode.cpp.cpp; path = SpriteComponent.cpp; sourceTree = "<group>"; };
		79896FB129E4716A006279F3 /* Math.cpp */ = {isa = PBXFileReference; fileEncoding = 4; lastKnownFileType = sourcecode.cpp.cpp; path = Math.cpp; sourceTree = "<group>"; };
		79896FB229E4716A006279F3 /* Actor.h */ = {isa = PBXFileReference; fileEncoding = 4; lastKnownFileType = sourcecode.c.h; path = Actor.h; sourceTree = "<group>"; };
		79896FB329E4716A006279F3 /* Background.h */ = {isa = PBXFileReference; fileEncoding = 4; lastKnownFileType = sourcecode.c.h; path = Background.h; sourceTree = "<group>"; };
		79896FB429E4716A006279F3 /* Component.h */ = {isa = PBXFileReference; fileEncoding = 4; lastKnownFileType = sourcecode.c.h; path = Component.h; sourceTree = "<group>"; };
		79896FB529E4716A006279F3 /* Math.h */ = {isa = PBXFileReference; fileEncoding = 4; lastKnownFileType = sourcecode.c.h; path = Math.h; sourceTree = "<group>"; };
		79896FBD29E47185006279F3 /* SDL2.framework */ = {isa = PBXFileReference; lastKnownFileType = wrapper.framework; name = SDL2.framework; path = ../../../../Library/Frameworks/SDL2.framework; sourceTree = "<group>"; };
		79896FBF29E47190006279F3 /* SDL2_image.framework */ = {isa = PBXFileReference; lastKnownFileType = wrapper.framework; name = SDL2_image.framework; path = ../../../../Library/Frameworks/SDL2_image.framework; sourceTree = "<group>"; };
/* End PBXFileReference section */

/* Begin PBXFrameworksBuildPhase section */
		79896F9C29E4713F006279F3 /* Frameworks */ = {
			isa = PBXFrameworksBuildPhase;
			buildActionMask = 2147483647;
			files = (
				79896FC029E47190006279F3 /* SDL2_image.framework in Frameworks */,
				79896FBE29E47185006279F3 /* SDL2.framework in Frameworks */,
			);
			runOnlyForDeploymentPostprocessing = 0;
		};
/* End PBXFrameworksBuildPhase section */

/* Begin PBXGroup section */
		794F9E8C29E4ABD400C39F6C /* Assets */ = {
			isa = PBXGroup;
			children = (
				794F9E8E29E4AC3000C39F6C /* Farback01.png */,
				794F9E8F29E4AC3000C39F6C /* Farback02.png */,
				794F9E9029E4AC3000C39F6C /* Laser.png */,
				794F9E8D29E4AC3000C39F6C /* Ship.png */,
				794F9E9129E4AC3000C39F6C /* Stars.png */,
			);
			name = Assets;
			path = "../../../../Users/mayradiaztramontana/SDL Projects/Space/Space/Assets";
			sourceTree = DEVELOPER_DIR;
		};
		79896F9629E4713F006279F3 = {
			isa = PBXGroup;
			children = (
				79896FA129E4713F006279F3 /* Space */,
				79896FA029E4713F006279F3 /* Products */,
				79896FBC29E47185006279F3 /* Frameworks */,
			);
			sourceTree = "<group>";
		};
		79896FA029E4713F006279F3 /* Products */ = {
			isa = PBXGroup;
			children = (
				79896F9F29E4713F006279F3 /* Space */,
			);
			name = Products;
			sourceTree = "<group>";
		};
		79896FA129E4713F006279F3 /* Space */ = {
			isa = PBXGroup;
			children = (
				794F9E8C29E4ABD400C39F6C /* Assets */,
				79896FA929E4716A006279F3 /* Actor.cpp */,
				79896FB229E4716A006279F3 /* Actor.h */,
				79896FAB29E4716A006279F3 /* Background.cpp */,
				79896FB329E4716A006279F3 /* Background.h */,
				79896FAF29E4716A006279F3 /* Component.cpp */,
				79896FB429E4716A006279F3 /* Component.h */,
				79896FAE29E4716A006279F3 /* Game.cpp */,
				79896FAD29E4716A006279F3 /* Game.h */,
				79896FB129E4716A006279F3 /* Math.cpp */,
				79896FB529E4716A006279F3 /* Math.h */,
				79896FB029E4716A006279F3 /* SpriteComponent.cpp */,
				79896FAA29E4716A006279F3 /* SpriteComponent.h */,
				79896FA229E4713F006279F3 /* main.cpp */,
			);
			path = Space;
			sourceTree = "<group>";
		};
		79896FBC29E47185006279F3 /* Frameworks */ = {
			isa = PBXGroup;
			children = (
				79896FBF29E47190006279F3 /* SDL2_image.framework */,
				79896FBD29E47185006279F3 /* SDL2.framework */,
			);
			name = Frameworks;
			sourceTree = "<group>";
		};
/* End PBXGroup section */

/* Begin PBXNativeTarget section */
		79896F9E29E4713F006279F3 /* Space */ = {
			isa = PBXNativeTarget;
			buildConfigurationList = 79896FA629E4713F006279F3 /* Build configuration list for PBXNativeTarget "Space" */;
			buildPhases = (
				79896F9B29E4713F006279F3 /* Sources */,
				79896F9C29E4713F006279F3 /* Frameworks */,
				79896F9D29E4713F006279F3 /* CopyFiles */,
			);
			buildRules = (
			);
			dependencies = (
			);
			name = Space;
			productName = Space;
			productReference = 79896F9F29E4713F006279F3 /* Space */;
			productType = "com.apple.product-type.tool";
		};
/* End PBXNativeTarget section */

/* Begin PBXProject section */
		79896F9729E4713F006279F3 /* Project object */ = {
			isa = PBXProject;
			attributes = {
				BuildIndependentTargetsInParallel = 1;
				LastUpgradeCheck = 1430;
				TargetAttributes = {
					79896F9E29E4713F006279F3 = {
						CreatedOnToolsVersion = 14.3;
					};
				};
			};
			buildConfigurationList = 79896F9A29E4713F006279F3 /* Build configuration list for PBXProject "Space" */;
			compatibilityVersion = "Xcode 14.0";
			developmentRegion = en;
			hasScannedForEncodings = 0;
			knownRegions = (
				en,
				Base,
			);
			mainGroup = 79896F9629E4713F006279F3;
			productRefGroup = 79896FA029E4713F006279F3 /* Products */;
			projectDirPath = "";
			projectRoot = "";
			targets = (
				79896F9E29E4713F006279F3 /* Space */,
			);
		};
/* End PBXProject section */

/* Begin PBXSourcesBuildPhase section */
		79896F9B29E4713F006279F3 /* Sources */ = {
			isa = PBXSourcesBuildPhase;
			buildActionMask = 2147483647;
			files = (
				79896FB729E4716A006279F3 /* Background.cpp in Sources */,
				79896FBB29E4716A006279F3 /* Math.cpp in Sources */,
				79896FA329E4713F006279F3 /* main.cpp in Sources */,
				79896FBA29E4716A006279F3 /* SpriteComponent.cpp in Sources */,
				79896FB629E4716A006279F3 /* Actor.cpp in Sources */,
				79896FB829E4716A006279F3 /* Game.cpp in Sources */,
				79896FB929E4716A006279F3 /* Component.cpp in Sources */,
			);
			runOnlyForDeploymentPostprocessing = 0;
		};
/* End PBXSourcesBuildPhase section */

/* Begin XCBuildConfiguration section */
		79896FA429E4713F006279F3 /* Debug */ = {
			isa = XCBuildConfiguration;
			buildSettings = {
				ALWAYS_SEARCH_USER_PATHS = NO;
				CLANG_ANALYZER_NONNULL = YES;
				CLANG_ANALYZER_NUMBER_OBJECT_CONVERSION = YES_AGGRESSIVE;
				CLANG_CXX_LANGUAGE_STANDARD = "gnu++20";
				CLANG_ENABLE_MODULES = YES;
				CLANG_ENABLE_OBJC_ARC = YES;
				CLANG_ENABLE_OBJC_WEAK = YES;
				CLANG_WARN_BLOCK_CAPTURE_AUTORELEASING = YES;
				CLANG_WARN_BOOL_CONVERSION = YES;
				CLANG_WARN_COMMA = YES;
				CLANG_WARN_CONSTANT_CONVERSION = YES;
				CLANG_WARN_DEPRECATED_OBJC_IMPLEMENTATIONS = YES;
				CLANG_WARN_DIRECT_OBJC_ISA_USAGE = YES_ERROR;
				CLANG_WARN_DOCUMENTATION_COMMENTS = YES;
				CLANG_WARN_EMPTY_BODY = YES;
				CLANG_WARN_ENUM_CONVERSION = YES;
				CLANG_WARN_INFINITE_RECURSION = YES;
				CLANG_WARN_INT_CONVERSION = YES;
				CLANG_WARN_NON_LITERAL_NULL_CONVERSION = YES;
				CLANG_WARN_OBJC_IMPLICIT_RETAIN_SELF = YES;
				CLANG_WARN_OBJC_LITERAL_CONVERSION = YES;
				CLANG_WARN_OBJC_ROOT_CLASS = YES_ERROR;
				CLANG_WARN_QUOTED_INCLUDE_IN_FRAMEWORK_HEADER = YES;
				CLANG_WARN_RANGE_LOOP_ANALYSIS = YES;
				CLANG_WARN_STRICT_PROTOTYPES = YES;
				CLANG_WARN_SUSPICIOUS_MOVE = YES;
				CLANG_WARN_UNGUARDED_AVAILABILITY = YES_AGGRESSIVE;
				CLANG_WARN_UNREACHABLE_CODE = YES;
				CLANG_WARN__DUPLICATE_METHOD_MATCH = YES;
				COPY_PHASE_STRIP = NO;
				DEBUG_INFORMATION_FORMAT = dwarf;
				ENABLE_STRICT_OBJC_MSGSEND = YES;
				ENABLE_TESTABILITY = YES;
				GCC_C_LANGUAGE_STANDARD = gnu11;
				GCC_DYNAMIC_NO_PIC = NO;
				GCC_NO_COMMON_BLOCKS = YES;
				GCC_OPTIMIZATION_LEVEL = 0;
				GCC_PREPROCESSOR_DEFINITIONS = (
					"DEBUG=1",
					"$(inherited)",
				);
				GCC_WARN_64_TO_32_BIT_CONVERSION = YES;
				GCC_WARN_ABOUT_RETURN_TYPE = YES_ERROR;
				GCC_WARN_UNDECLARED_SELECTOR = YES;
				GCC_WARN_UNINITIALIZED_AUTOS = YES_AGGRESSIVE;
				GCC_WARN_UNUSED_FUNCTION = YES;
				GCC_WARN_UNUSED_VARIABLE = YES;
				MACOSX_DEPLOYMENT_TARGET = 13.2;
				MTL_ENABLE_DEBUG_INFO = INCLUDE_SOURCE;
				MTL_FAST_MATH = YES;
				ONLY_ACTIVE_ARCH = YES;
				SDKROOT = macosx;
			};
			name = Debug;
		};
		79896FA529E4713F006279F3 /* Release */ = {
			isa = XCBuildConfiguration;
			buildSettings = {
				ALWAYS_SEARCH_USER_PATHS = NO;
				CLANG_ANALYZER_NONNULL = YES;
				CLANG_ANALYZER_NUMBER_OBJECT_CONVERSION = YES_AGGRESSIVE;
				CLANG_CXX_LANGUAGE_STANDARD = "gnu++20";
				CLANG_ENABLE_MODULES = YES;
				CLANG_ENABLE_OBJC_ARC = YES;
				CLANG_ENABLE_OBJC_WEAK = YES;
				CLANG_WARN_BLOCK_CAPTURE_AUTORELEASING = YES;
				CLANG_WARN_BOOL_CONVERSION = YES;
				CLANG_WARN_COMMA = YES;
				CLANG_WARN_CONSTANT_CONVERSION = YES;
				CLANG_WARN_DEPRECATED_OBJC_IMPLEMENTATIONS = YES;
				CLANG_WARN_DIRECT_OBJC_ISA_USAGE = YES_ERROR;
				CLANG_WARN_DOCUMENTATION_COMMENTS = YES;
				CLANG_WARN_EMPTY_BODY = YES;
				CLANG_WARN_ENUM_CONVERSION = YES;
				CLANG_WARN_INFINITE_RECURSION = YES;
				CLANG_WARN_INT_CONVERSION = YES;
				CLANG_WARN_NON_LITERAL_NULL_CONVERSION = YES;
				CLANG_WARN_OBJC_IMPLICIT_RETAIN_SELF = YES;
				CLANG_WARN_OBJC_LITERAL_CONVERSION = YES;
				CLANG_WARN_OBJC_ROOT_CLASS = YES_ERROR;
				CLANG_WARN_QUOTED_INCLUDE_IN_FRAMEWORK_HEADER = YES;
				CLANG_WARN_RANGE_LOOP_ANALYSIS = YES;
				CLANG_WARN_STRICT_PROTOTYPES = YES;
				CLANG_WARN_SUSPICIOUS_MOVE = YES;
				CLANG_WARN_UNGUARDED_AVAILABILITY = YES_AGGRESSIVE;
				CLANG_WARN_UNREACHABLE_CODE = YES;
				CLANG_WARN__DUPLICATE_METHOD_MATCH = YES;
				COPY_PHASE_STRIP = NO;
				DEBUG_INFORMATION_FORMAT = "dwarf-with-dsym";
				ENABLE_NS_ASSERTIONS = NO;
				ENABLE_STRICT_OBJC_MSGSEND = YES;
				GCC_C_LANGUAGE_STANDARD = gnu11;
				GCC_NO_COMMON_BLOCKS = YES;
				GCC_WARN_64_TO_32_BIT_CONVERSION = YES;
				GCC_WARN_ABOUT_RETURN_TYPE = YES_ERROR;
				GCC_WARN_UNDECLARED_SELECTOR = YES;
				GCC_WARN_UNINITIALIZED_AUTOS = YES_AGGRESSIVE;
				GCC_WARN_UNUSED_FUNCTION = YES;
				GCC_WARN_UNUSED_VARIABLE = YES;
				MACOSX_DEPLOYMENT_TARGET = 13.2;
				MTL_ENABLE_DEBUG_INFO = NO;
				MTL_FAST_MATH = YES;
				SDKROOT = macosx;
			};
			name = Release;
		};
		79896FA729E4713F006279F3 /* Debug */ = {
			isa = XCBuildConfiguration;
			buildSettings = {
				CODE_SIGN_STYLE = Automatic;
				FRAMEWORK_SEARCH_PATHS = (
					"$(inherited)",
					"$(LOCAL_LIBRARY_DIR)/Frameworks",
				);
				PRODUCT_NAME = "$(TARGET_NAME)";
			};
			name = Debug;
		};
		79896FA829E4713F006279F3 /* Release */ = {
			isa = XCBuildConfiguration;
			buildSettings = {
				CODE_SIGN_STYLE = Automatic;
				FRAMEWORK_SEARCH_PATHS = (
					"$(inherited)",
					"$(LOCAL_LIBRARY_DIR)/Frameworks",
				);
				PRODUCT_NAME = "$(TARGET_NAME)";
			};
			name = Release;
		};
/* End XCBuildConfiguration section */

/* Begin XCConfigurationList section */
		79896F9A29E4713F006279F3 /* Build configuration list for PBXProject "Space" */ = {
			isa = XCConfigurationList;
			buildConfigurations = (
				79896FA429E4713F006279F3 /* Debug */,
				79896FA529E4713F006279F3 /* Release */,
			);
			defaultConfigurationIsVisible = 0;
			defaultConfigurationName = Release;
		};
		79896FA629E4713F006279F3 /* Build configuration list for PBXNativeTarget "Space" */ = {
			isa = XCConfigurationList;
			buildConfigurations = (
				79896FA729E4713F006279F3 /* Debug */,
				79896FA829E4713F006279F3 /* Release */,
			);
			defaultConfigurationIsVisible = 0;
			defaultConfigurationName = Release;
		};
/* End XCConfigurationList section */
	};
	rootObject = 79896F9729E4713F006279F3 /* Project object */;
}
